// !$*UTF8*$!
{
	archiveVersion = 1;
	classes = {
	};
	objectVersion = 50;
	objects = {

/* Begin PBXBuildFile section */
		1DFF81B625F35F1300AFFAFC /* AppDelegate.swift in Sources */ = {isa = PBXBuildFile; fileRef = 1DFF81B525F35F1300AFFAFC /* AppDelegate.swift */; };
		1DFF81B825F35F1300AFFAFC /* SceneDelegate.swift in Sources */ = {isa = PBXBuildFile; fileRef = 1DFF81B725F35F1300AFFAFC /* SceneDelegate.swift */; };
		1DFF81BA25F35F1300AFFAFC /* MainViewController.swift in Sources */ = {isa = PBXBuildFile; fileRef = 1DFF81B925F35F1300AFFAFC /* MainViewController.swift */; };
		1DFF81BF25F35F1300AFFAFC /* Assets.xcassets in Resources */ = {isa = PBXBuildFile; fileRef = 1DFF81BE25F35F1300AFFAFC /* Assets.xcassets */; };
		1DFF81C225F35F1300AFFAFC /* LaunchScreen.storyboard in Resources */ = {isa = PBXBuildFile; fileRef = 1DFF81C025F35F1300AFFAFC /* LaunchScreen.storyboard */; };
		1DFF81D025F35FC500AFFAFC /* MainPresenter.swift in Sources */ = {isa = PBXBuildFile; fileRef = 1DFF81CF25F35FC500AFFAFC /* MainPresenter.swift */; };
		1DFF81D425F3602900AFFAFC /* MainSection.swift in Sources */ = {isa = PBXBuildFile; fileRef = 1DFF81D325F3602900AFFAFC /* MainSection.swift */; };
		1DFF81DD25F3626500AFFAFC /* MainView.swift in Sources */ = {isa = PBXBuildFile; fileRef = 1DFF81DC25F3626500AFFAFC /* MainView.swift */; };
		1DFF81E025F4054600AFFAFC /* MainBannerSection.swift in Sources */ = {isa = PBXBuildFile; fileRef = 1DFF81DF25F4054600AFFAFC /* MainBannerSection.swift */; };
		1DFF81EA25F407F100AFFAFC /* Banner.swift in Sources */ = {isa = PBXBuildFile; fileRef = 1DFF81E925F407F100AFFAFC /* Banner.swift */; };
		1DFF81EE25F4098200AFFAFC /* MainBannerCell.swift in Sources */ = {isa = PBXBuildFile; fileRef = 1DFF81ED25F4098200AFFAFC /* MainBannerCell.swift */; };
		1DFF81F725F40C0400AFFAFC /* ClassNameProtocol.swift in Sources */ = {isa = PBXBuildFile; fileRef = 1DFF81F625F40C0400AFFAFC /* ClassNameProtocol.swift */; };
		1DFF81FB25F40C6900AFFAFC /* UICollectionView+Extensions.swift in Sources */ = {isa = PBXBuildFile; fileRef = 1DFF81FA25F40C6900AFFAFC /* UICollectionView+Extensions.swift */; };
		1DFF81FE25F40E9500AFFAFC /* UIImageView+Extensions.swift in Sources */ = {isa = PBXBuildFile; fileRef = 1DFF81FD25F40E9500AFFAFC /* UIImageView+Extensions.swift */; };
		1DFF820525F4133100AFFAFC /* MainTitleCell.swift in Sources */ = {isa = PBXBuildFile; fileRef = 1DFF820425F4133100AFFAFC /* MainTitleCell.swift */; };
		1DFF821125F4179300AFFAFC /* MainEditCell.swift in Sources */ = {isa = PBXBuildFile; fileRef = 1DFF821025F4179300AFFAFC /* MainEditCell.swift */; };
		1DFF821425F418B400AFFAFC /* MainItemTitleSection.swift in Sources */ = {isa = PBXBuildFile; fileRef = 1DFF821325F418B400AFFAFC /* MainItemTitleSection.swift */; };
		1DFF821925F419F700AFFAFC /* Item.swift in Sources */ = {isa = PBXBuildFile; fileRef = 1DFF821825F419F700AFFAFC /* Item.swift */; };
		1DFF821D25F41BC700AFFAFC /* MainItemContentSection.swift in Sources */ = {isa = PBXBuildFile; fileRef = 1DFF821C25F41BC700AFFAFC /* MainItemContentSection.swift */; };
		1DFF822125F5175000AFFAFC /* Banner+Stub.swift in Sources */ = {isa = PBXBuildFile; fileRef = 1DFF822025F5175000AFFAFC /* Banner+Stub.swift */; };
		1DFF822525F5189700AFFAFC /* Infomation+Stub.swift in Sources */ = {isa = PBXBuildFile; fileRef = 1DFF822425F5189700AFFAFC /* Infomation+Stub.swift */; };
		1DFF822925F51B1C00AFFAFC /* MainItemCell.swift in Sources */ = {isa = PBXBuildFile; fileRef = 1DFF822825F51B1C00AFFAFC /* MainItemCell.swift */; };
		1DFF822C25F51E0F00AFFAFC /* MainEntity.swift in Sources */ = {isa = PBXBuildFile; fileRef = 1DFF822B25F51E0F00AFFAFC /* MainEntity.swift */; };
		1DFF823225F51E7A00AFFAFC /* MainCell.swift in Sources */ = {isa = PBXBuildFile; fileRef = 1DFF823125F51E7A00AFFAFC /* MainCell.swift */; };
/* End PBXBuildFile section */

/* Begin PBXFileReference section */
		1DFF81B225F35F1300AFFAFC /* CompositionalLayouts-MVP.app */ = {isa = PBXFileReference; explicitFileType = wrapper.application; includeInIndex = 0; path = "CompositionalLayouts-MVP.app"; sourceTree = BUILT_PRODUCTS_DIR; };
		1DFF81B525F35F1300AFFAFC /* AppDelegate.swift */ = {isa = PBXFileReference; lastKnownFileType = sourcecode.swift; path = AppDelegate.swift; sourceTree = "<group>"; };
		1DFF81B725F35F1300AFFAFC /* SceneDelegate.swift */ = {isa = PBXFileReference; lastKnownFileType = sourcecode.swift; path = SceneDelegate.swift; sourceTree = "<group>"; };
		1DFF81B925F35F1300AFFAFC /* MainViewController.swift */ = {isa = PBXFileReference; lastKnownFileType = sourcecode.swift; path = MainViewController.swift; sourceTree = "<group>"; };
		1DFF81BE25F35F1300AFFAFC /* Assets.xcassets */ = {isa = PBXFileReference; lastKnownFileType = folder.assetcatalog; path = Assets.xcassets; sourceTree = "<group>"; };
		1DFF81C125F35F1300AFFAFC /* Base */ = {isa = PBXFileReference; lastKnownFileType = file.storyboard; name = Base; path = Base.lproj/LaunchScreen.storyboard; sourceTree = "<group>"; };
		1DFF81C325F35F1300AFFAFC /* Info.plist */ = {isa = PBXFileReference; lastKnownFileType = text.plist.xml; path = Info.plist; sourceTree = "<group>"; };
		1DFF81CF25F35FC500AFFAFC /* MainPresenter.swift */ = {isa = PBXFileReference; lastKnownFileType = sourcecode.swift; path = MainPresenter.swift; sourceTree = "<group>"; };
		1DFF81D325F3602900AFFAFC /* MainSection.swift */ = {isa = PBXFileReference; lastKnownFileType = sourcecode.swift; path = MainSection.swift; sourceTree = "<group>"; };
		1DFF81DC25F3626500AFFAFC /* MainView.swift */ = {isa = PBXFileReference; lastKnownFileType = sourcecode.swift; path = MainView.swift; sourceTree = "<group>"; };
		1DFF81DF25F4054600AFFAFC /* MainBannerSection.swift */ = {isa = PBXFileReference; lastKnownFileType = sourcecode.swift; path = MainBannerSection.swift; sourceTree = "<group>"; };
		1DFF81E925F407F100AFFAFC /* Banner.swift */ = {isa = PBXFileReference; lastKnownFileType = sourcecode.swift; path = Banner.swift; sourceTree = "<group>"; };
		1DFF81ED25F4098200AFFAFC /* MainBannerCell.swift */ = {isa = PBXFileReference; lastKnownFileType = sourcecode.swift; path = MainBannerCell.swift; sourceTree = "<group>"; };
		1DFF81F625F40C0400AFFAFC /* ClassNameProtocol.swift */ = {isa = PBXFileReference; lastKnownFileType = sourcecode.swift; path = ClassNameProtocol.swift; sourceTree = "<group>"; };
		1DFF81FA25F40C6900AFFAFC /* UICollectionView+Extensions.swift */ = {isa = PBXFileReference; lastKnownFileType = sourcecode.swift; path = "UICollectionView+Extensions.swift"; sourceTree = "<group>"; };
		1DFF81FD25F40E9500AFFAFC /* UIImageView+Extensions.swift */ = {isa = PBXFileReference; lastKnownFileType = sourcecode.swift; path = "UIImageView+Extensions.swift"; sourceTree = "<group>"; };
		1DFF820425F4133100AFFAFC /* MainTitleCell.swift */ = {isa = PBXFileReference; lastKnownFileType = sourcecode.swift; path = MainTitleCell.swift; sourceTree = "<group>"; };
		1DFF821025F4179300AFFAFC /* MainEditCell.swift */ = {isa = PBXFileReference; lastKnownFileType = sourcecode.swift; path = MainEditCell.swift; sourceTree = "<group>"; };
		1DFF821325F418B400AFFAFC /* MainItemTitleSection.swift */ = {isa = PBXFileReference; lastKnownFileType = sourcecode.swift; path = MainItemTitleSection.swift; sourceTree = "<group>"; };
		1DFF821825F419F700AFFAFC /* Item.swift */ = {isa = PBXFileReference; lastKnownFileType = sourcecode.swift; path = Item.swift; sourceTree = "<group>"; };
		1DFF821C25F41BC700AFFAFC /* MainItemContentSection.swift */ = {isa = PBXFileReference; lastKnownFileType = sourcecode.swift; path = MainItemContentSection.swift; sourceTree = "<group>"; };
		1DFF822025F5175000AFFAFC /* Banner+Stub.swift */ = {isa = PBXFileReference; lastKnownFileType = sourcecode.swift; path = "Banner+Stub.swift"; sourceTree = "<group>"; };
		1DFF822425F5189700AFFAFC /* Infomation+Stub.swift */ = {isa = PBXFileReference; lastKnownFileType = sourcecode.swift; path = "Infomation+Stub.swift"; sourceTree = "<group>"; };
		1DFF822825F51B1C00AFFAFC /* MainItemCell.swift */ = {isa = PBXFileReference; lastKnownFileType = sourcecode.swift; path = MainItemCell.swift; sourceTree = "<group>"; };
		1DFF822B25F51E0F00AFFAFC /* MainEntity.swift */ = {isa = PBXFileReference; lastKnownFileType = sourcecode.swift; path = MainEntity.swift; sourceTree = "<group>"; };
		1DFF823125F51E7A00AFFAFC /* MainCell.swift */ = {isa = PBXFileReference; lastKnownFileType = sourcecode.swift; path = MainCell.swift; sourceTree = "<group>"; };
/* End PBXFileReference section */

/* Begin PBXFrameworksBuildPhase section */
		1DFF81AF25F35F1200AFFAFC /* Frameworks */ = {
			isa = PBXFrameworksBuildPhase;
			buildActionMask = 2147483647;
			files = (
			);
			runOnlyForDeploymentPostprocessing = 0;
		};
/* End PBXFrameworksBuildPhase section */

/* Begin PBXGroup section */
		1DFF81A925F35F1200AFFAFC = {
			isa = PBXGroup;
			children = (
				1DFF81B425F35F1300AFFAFC /* CompositionalLayouts-MVP */,
				1DFF81B325F35F1300AFFAFC /* Products */,
			);
			sourceTree = "<group>";
		};
		1DFF81B325F35F1300AFFAFC /* Products */ = {
			isa = PBXGroup;
			children = (
				1DFF81B225F35F1300AFFAFC /* CompositionalLayouts-MVP.app */,
			);
			name = Products;
			sourceTree = "<group>";
		};
		1DFF81B425F35F1300AFFAFC /* CompositionalLayouts-MVP */ = {
			isa = PBXGroup;
			children = (
				1DFF81B525F35F1300AFFAFC /* AppDelegate.swift */,
				1DFF81B725F35F1300AFFAFC /* SceneDelegate.swift */,
				1DFF81E425F406DF00AFFAFC /* Presentations */,
				1DFF81E625F407D800AFFAFC /* Entities */,
				1DFF81F125F40BB600AFFAFC /* Extensions */,
				1DFF81F525F40BF800AFFAFC /* Protocols */,
				1DFF821F25F5173800AFFAFC /* Stubs */,
				1DFF81BE25F35F1300AFFAFC /* Assets.xcassets */,
				1DFF81C025F35F1300AFFAFC /* LaunchScreen.storyboard */,
				1DFF81C325F35F1300AFFAFC /* Info.plist */,
			);
			path = "CompositionalLayouts-MVP";
			sourceTree = "<group>";
		};
		1DFF81CC25F35F9200AFFAFC /* Main */ = {
			isa = PBXGroup;
			children = (
				1DFF81E325F4058A00AFFAFC /* Cells */,
				1DFF81D225F3601900AFFAFC /* Sections */,
				1DFF81DC25F3626500AFFAFC /* MainView.swift */,
				1DFF81B925F35F1300AFFAFC /* MainViewController.swift */,
				1DFF81CF25F35FC500AFFAFC /* MainPresenter.swift */,
			);
			path = Main;
			sourceTree = "<group>";
		};
		1DFF81D225F3601900AFFAFC /* Sections */ = {
			isa = PBXGroup;
			children = (
				1DFF81DF25F4054600AFFAFC /* MainBannerSection.swift */,
				1DFF821325F418B400AFFAFC /* MainItemTitleSection.swift */,
				1DFF821C25F41BC700AFFAFC /* MainItemContentSection.swift */,
			);
			path = Sections;
			sourceTree = "<group>";
		};
		1DFF81E325F4058A00AFFAFC /* Cells */ = {
			isa = PBXGroup;
			children = (
				1DFF81ED25F4098200AFFAFC /* MainBannerCell.swift */,
				1DFF820425F4133100AFFAFC /* MainTitleCell.swift */,
				1DFF821025F4179300AFFAFC /* MainEditCell.swift */,
				1DFF822825F51B1C00AFFAFC /* MainItemCell.swift */,
			);
			path = Cells;
			sourceTree = "<group>";
		};
		1DFF81E425F406DF00AFFAFC /* Presentations */ = {
			isa = PBXGroup;
			children = (
				1DFF81CC25F35F9200AFFAFC /* Main */,
			);
			path = Presentations;
			sourceTree = "<group>";
		};
		1DFF81E625F407D800AFFAFC /* Entities */ = {
			isa = PBXGroup;
			children = (
				1DFF81E925F407F100AFFAFC /* Banner.swift */,
				1DFF821825F419F700AFFAFC /* Item.swift */,
			);
			path = Entities;
			sourceTree = "<group>";
		};
		1DFF81F125F40BB600AFFAFC /* Extensions */ = {
			isa = PBXGroup;
			children = (
				1DFF81FA25F40C6900AFFAFC /* UICollectionView+Extensions.swift */,
				1DFF81FD25F40E9500AFFAFC /* UIImageView+Extensions.swift */,
			);
			path = Extensions;
			sourceTree = "<group>";
		};
		1DFF81F525F40BF800AFFAFC /* Protocols */ = {
			isa = PBXGroup;
			children = (
				1DFF822F25F51E4900AFFAFC /* Main */,
				1DFF81F625F40C0400AFFAFC /* ClassNameProtocol.swift */,
			);
			path = Protocols;
			sourceTree = "<group>";
		};
		1DFF821F25F5173800AFFAFC /* Stubs */ = {
			isa = PBXGroup;
			children = (
				1DFF822025F5175000AFFAFC /* Banner+Stub.swift */,
				1DFF822425F5189700AFFAFC /* Infomation+Stub.swift */,
			);
			path = Stubs;
			sourceTree = "<group>";
		};
		1DFF822F25F51E4900AFFAFC /* Main */ = {
			isa = PBXGroup;
			children = (
				1DFF822B25F51E0F00AFFAFC /* MainEntity.swift */,
				1DFF823125F51E7A00AFFAFC /* MainCell.swift */,
				1DFF81D325F3602900AFFAFC /* MainSection.swift */,
			);
			path = Main;
			sourceTree = "<group>";
		};
/* End PBXGroup section */

/* Begin PBXNativeTarget section */
		1DFF81B125F35F1200AFFAFC /* CompositionalLayouts-MVP */ = {
			isa = PBXNativeTarget;
			buildConfigurationList = 1DFF81C625F35F1300AFFAFC /* Build configuration list for PBXNativeTarget "CompositionalLayouts-MVP" */;
			buildPhases = (
				1DFF81AE25F35F1200AFFAFC /* Sources */,
				1DFF81AF25F35F1200AFFAFC /* Frameworks */,
				1DFF81B025F35F1200AFFAFC /* Resources */,
			);
			buildRules = (
			);
			dependencies = (
			);
			name = "CompositionalLayouts-MVP";
			productName = "CompositionalLayouts-MVP";
			productReference = 1DFF81B225F35F1300AFFAFC /* CompositionalLayouts-MVP.app */;
			productType = "com.apple.product-type.application";
		};
/* End PBXNativeTarget section */

/* Begin PBXProject section */
		1DFF81AA25F35F1200AFFAFC /* Project object */ = {
			isa = PBXProject;
			attributes = {
				LastSwiftUpdateCheck = 1200;
				LastUpgradeCheck = 1200;
				TargetAttributes = {
					1DFF81B125F35F1200AFFAFC = {
						CreatedOnToolsVersion = 12.0.1;
					};
				};
			};
			buildConfigurationList = 1DFF81AD25F35F1200AFFAFC /* Build configuration list for PBXProject "CompositionalLayouts-MVP" */;
			compatibilityVersion = "Xcode 9.3";
			developmentRegion = en;
			hasScannedForEncodings = 0;
			knownRegions = (
				en,
				Base,
			);
			mainGroup = 1DFF81A925F35F1200AFFAFC;
			productRefGroup = 1DFF81B325F35F1300AFFAFC /* Products */;
			projectDirPath = "";
			projectRoot = "";
			targets = (
				1DFF81B125F35F1200AFFAFC /* CompositionalLayouts-MVP */,
			);
		};
/* End PBXProject section */

/* Begin PBXResourcesBuildPhase section */
		1DFF81B025F35F1200AFFAFC /* Resources */ = {
			isa = PBXResourcesBuildPhase;
			buildActionMask = 2147483647;
			files = (
				1DFF81C225F35F1300AFFAFC /* LaunchScreen.storyboard in Resources */,
				1DFF81BF25F35F1300AFFAFC /* Assets.xcassets in Resources */,
			);
			runOnlyForDeploymentPostprocessing = 0;
		};
/* End PBXResourcesBuildPhase section */

/* Begin PBXSourcesBuildPhase section */
		1DFF81AE25F35F1200AFFAFC /* Sources */ = {
			isa = PBXSourcesBuildPhase;
			buildActionMask = 2147483647;
			files = (
				1DFF81BA25F35F1300AFFAFC /* MainViewController.swift in Sources */,
				1DFF821125F4179300AFFAFC /* MainEditCell.swift in Sources */,
				1DFF821925F419F700AFFAFC /* Item.swift in Sources */,
				1DFF823225F51E7A00AFFAFC /* MainCell.swift in Sources */,
				1DFF81EE25F4098200AFFAFC /* MainBannerCell.swift in Sources */,
				1DFF822125F5175000AFFAFC /* Banner+Stub.swift in Sources */,
				1DFF81DD25F3626500AFFAFC /* MainView.swift in Sources */,
				1DFF821D25F41BC700AFFAFC /* MainItemContentSection.swift in Sources */,
				1DFF822925F51B1C00AFFAFC /* MainItemCell.swift in Sources */,
				1DFF822C25F51E0F00AFFAFC /* MainEntity.swift in Sources */,
				1DFF81F725F40C0400AFFAFC /* ClassNameProtocol.swift in Sources */,
				1DFF81EA25F407F100AFFAFC /* Banner.swift in Sources */,
				1DFF822525F5189700AFFAFC /* Infomation+Stub.swift in Sources */,
				1DFF81E025F4054600AFFAFC /* MainBannerSection.swift in Sources */,
				1DFF81B625F35F1300AFFAFC /* AppDelegate.swift in Sources */,
				1DFF820525F4133100AFFAFC /* MainTitleCell.swift in Sources */,
				1DFF81B825F35F1300AFFAFC /* SceneDelegate.swift in Sources */,
				1DFF81FB25F40C6900AFFAFC /* UICollectionView+Extensions.swift in Sources */,
				1DFF81D425F3602900AFFAFC /* MainSection.swift in Sources */,
				1DFF821425F418B400AFFAFC /* MainItemTitleSection.swift in Sources */,
				1DFF81D025F35FC500AFFAFC /* MainPresenter.swift in Sources */,
				1DFF81FE25F40E9500AFFAFC /* UIImageView+Extensions.swift in Sources */,
			);
			runOnlyForDeploymentPostprocessing = 0;
		};
/* End PBXSourcesBuildPhase section */

/* Begin PBXVariantGroup section */
		1DFF81C025F35F1300AFFAFC /* LaunchScreen.storyboard */ = {
			isa = PBXVariantGroup;
			children = (
				1DFF81C125F35F1300AFFAFC /* Base */,
			);
			name = LaunchScreen.storyboard;
			sourceTree = "<group>";
		};
/* End PBXVariantGroup section */

/* Begin XCBuildConfiguration section */
		1DFF81C425F35F1300AFFAFC /* Debug */ = {
			isa = XCBuildConfiguration;
			buildSettings = {
				ALWAYS_SEARCH_USER_PATHS = NO;
				CLANG_ANALYZER_NONNULL = YES;
				CLANG_ANALYZER_NUMBER_OBJECT_CONVERSION = YES_AGGRESSIVE;
				CLANG_CXX_LANGUAGE_STANDARD = "gnu++14";
				CLANG_CXX_LIBRARY = "libc++";
				CLANG_ENABLE_MODULES = YES;
				CLANG_ENABLE_OBJC_ARC = YES;
				CLANG_ENABLE_OBJC_WEAK = YES;
				CLANG_WARN_BLOCK_CAPTURE_AUTORELEASING = YES;
				CLANG_WARN_BOOL_CONVERSION = YES;
				CLANG_WARN_COMMA = YES;
				CLANG_WARN_CONSTANT_CONVERSION = YES;
				CLANG_WARN_DEPRECATED_OBJC_IMPLEMENTATIONS = YES;
				CLANG_WARN_DIRECT_OBJC_ISA_USAGE = YES_ERROR;
				CLANG_WARN_DOCUMENTATION_COMMENTS = YES;
				CLANG_WARN_EMPTY_BODY = YES;
				CLANG_WARN_ENUM_CONVERSION = YES;
				CLANG_WARN_INFINITE_RECURSION = YES;
				CLANG_WARN_INT_CONVERSION = YES;
				CLANG_WARN_NON_LITERAL_NULL_CONVERSION = YES;
				CLANG_WARN_OBJC_IMPLICIT_RETAIN_SELF = YES;
				CLANG_WARN_OBJC_LITERAL_CONVERSION = YES;
				CLANG_WARN_OBJC_ROOT_CLASS = YES_ERROR;
				CLANG_WARN_QUOTED_INCLUDE_IN_FRAMEWORK_HEADER = YES;
				CLANG_WARN_RANGE_LOOP_ANALYSIS = YES;
				CLANG_WARN_STRICT_PROTOTYPES = YES;
				CLANG_WARN_SUSPICIOUS_MOVE = YES;
				CLANG_WARN_UNGUARDED_AVAILABILITY = YES_AGGRESSIVE;
				CLANG_WARN_UNREACHABLE_CODE = YES;
				CLANG_WARN__DUPLICATE_METHOD_MATCH = YES;
				COPY_PHASE_STRIP = NO;
				DEBUG_INFORMATION_FORMAT = dwarf;
				ENABLE_STRICT_OBJC_MSGSEND = YES;
				ENABLE_TESTABILITY = YES;
				GCC_C_LANGUAGE_STANDARD = gnu11;
				GCC_DYNAMIC_NO_PIC = NO;
				GCC_NO_COMMON_BLOCKS = YES;
				GCC_OPTIMIZATION_LEVEL = 0;
				GCC_PREPROCESSOR_DEFINITIONS = (
					"DEBUG=1",
					"$(inherited)",
				);
				GCC_WARN_64_TO_32_BIT_CONVERSION = YES;
				GCC_WARN_ABOUT_RETURN_TYPE = YES_ERROR;
				GCC_WARN_UNDECLARED_SELECTOR = YES;
				GCC_WARN_UNINITIALIZED_AUTOS = YES_AGGRESSIVE;
				GCC_WARN_UNUSED_FUNCTION = YES;
				GCC_WARN_UNUSED_VARIABLE = YES;
				IPHONEOS_DEPLOYMENT_TARGET = 14.0;
				MTL_ENABLE_DEBUG_INFO = INCLUDE_SOURCE;
				MTL_FAST_MATH = YES;
				ONLY_ACTIVE_ARCH = YES;
				SDKROOT = iphoneos;
				SWIFT_ACTIVE_COMPILATION_CONDITIONS = DEBUG;
				SWIFT_OPTIMIZATION_LEVEL = "-Onone";
			};
			name = Debug;
		};
		1DFF81C525F35F1300AFFAFC /* Release */ = {
			isa = XCBuildConfiguration;
			buildSettings = {
				ALWAYS_SEARCH_USER_PATHS = NO;
				CLANG_ANALYZER_NONNULL = YES;
				CLANG_ANALYZER_NUMBER_OBJECT_CONVERSION = YES_AGGRESSIVE;
				CLANG_CXX_LANGUAGE_STANDARD = "gnu++14";
				CLANG_CXX_LIBRARY = "libc++";
				CLANG_ENABLE_MODULES = YES;
				CLANG_ENABLE_OBJC_ARC = YES;
				CLANG_ENABLE_OBJC_WEAK = YES;
				CLANG_WARN_BLOCK_CAPTURE_AUTORELEASING = YES;
				CLANG_WARN_BOOL_CONVERSION = YES;
				CLANG_WARN_COMMA = YES;
				CLANG_WARN_CONSTANT_CONVERSION = YES;
				CLANG_WARN_DEPRECATED_OBJC_IMPLEMENTATIONS = YES;
				CLANG_WARN_DIRECT_OBJC_ISA_USAGE = YES_ERROR;
				CLANG_WARN_DOCUMENTATION_COMMENTS = YES;
				CLANG_WARN_EMPTY_BODY = YES;
				CLANG_WARN_ENUM_CONVERSION = YES;
				CLANG_WARN_INFINITE_RECURSION = YES;
				CLANG_WARN_INT_CONVERSION = YES;
				CLANG_WARN_NON_LITERAL_NULL_CONVERSION = YES;
				CLANG_WARN_OBJC_IMPLICIT_RETAIN_SELF = YES;
				CLANG_WARN_OBJC_LITERAL_CONVERSION = YES;
				CLANG_WARN_OBJC_ROOT_CLASS = YES_ERROR;
				CLANG_WARN_QUOTED_INCLUDE_IN_FRAMEWORK_HEADER = YES;
				CLANG_WARN_RANGE_LOOP_ANALYSIS = YES;
				CLANG_WARN_STRICT_PROTOTYPES = YES;
				CLANG_WARN_SUSPICIOUS_MOVE = YES;
				CLANG_WARN_UNGUARDED_AVAILABILITY = YES_AGGRESSIVE;
				CLANG_WARN_UNREACHABLE_CODE = YES;
				CLANG_WARN__DUPLICATE_METHOD_MATCH = YES;
				COPY_PHASE_STRIP = NO;
				DEBUG_INFORMATION_FORMAT = "dwarf-with-dsym";
				ENABLE_NS_ASSERTIONS = NO;
				ENABLE_STRICT_OBJC_MSGSEND = YES;
				GCC_C_LANGUAGE_STANDARD = gnu11;
				GCC_NO_COMMON_BLOCKS = YES;
				GCC_WARN_64_TO_32_BIT_CONVERSION = YES;
				GCC_WARN_ABOUT_RETURN_TYPE = YES_ERROR;
				GCC_WARN_UNDECLARED_SELECTOR = YES;
				GCC_WARN_UNINITIALIZED_AUTOS = YES_AGGRESSIVE;
				GCC_WARN_UNUSED_FUNCTION = YES;
				GCC_WARN_UNUSED_VARIABLE = YES;
				IPHONEOS_DEPLOYMENT_TARGET = 14.0;
				MTL_ENABLE_DEBUG_INFO = NO;
				MTL_FAST_MATH = YES;
				SDKROOT = iphoneos;
				SWIFT_COMPILATION_MODE = wholemodule;
				SWIFT_OPTIMIZATION_LEVEL = "-O";
				VALIDATE_PRODUCT = YES;
			};
			name = Release;
		};
		1DFF81C725F35F1300AFFAFC /* Debug */ = {
			isa = XCBuildConfiguration;
			buildSettings = {
				ASSETCATALOG_COMPILER_APPICON_NAME = AppIcon;
				ASSETCATALOG_COMPILER_GLOBAL_ACCENT_COLOR_NAME = AccentColor;
				CODE_SIGN_STYLE = Automatic;
				INFOPLIST_FILE = "CompositionalLayouts-MVP/Info.plist";
				LD_RUNPATH_SEARCH_PATHS = (
					"$(inherited)",
					"@executable_path/Frameworks",
				);
				PRODUCT_BUNDLE_IDENTIFIER = "hcrane.CompositionalLayouts-MVP";
				PRODUCT_NAME = "$(TARGET_NAME)";
				SWIFT_VERSION = 5.0;
				TARGETED_DEVICE_FAMILY = 1;
			};
			name = Debug;
		};
		1DFF81C825F35F1300AFFAFC /* Release */ = {
			isa = XCBuildConfiguration;
			buildSettings = {
				ASSETCATALOG_COMPILER_APPICON_NAME = AppIcon;
				ASSETCATALOG_COMPILER_GLOBAL_ACCENT_COLOR_NAME = AccentColor;
				CODE_SIGN_STYLE = Automatic;
				INFOPLIST_FILE = "CompositionalLayouts-MVP/Info.plist";
				LD_RUNPATH_SEARCH_PATHS = (
					"$(inherited)",
					"@executable_path/Frameworks",
				);
				PRODUCT_BUNDLE_IDENTIFIER = "hcrane.CompositionalLayouts-MVP";
				PRODUCT_NAME = "$(TARGET_NAME)";
				SWIFT_VERSION = 5.0;
				TARGETED_DEVICE_FAMILY = 1;
			};
			name = Release;
		};
/* End XCBuildConfiguration section */

/* Begin XCConfigurationList section */
		1DFF81AD25F35F1200AFFAFC /* Build configuration list for PBXProject "CompositionalLayouts-MVP" */ = {
			isa = XCConfigurationList;
			buildConfigurations = (
				1DFF81C425F35F1300AFFAFC /* Debug */,
				1DFF81C525F35F1300AFFAFC /* Release */,
			);
			defaultConfigurationIsVisible = 0;
			defaultConfigurationName = Release;
		};
		1DFF81C625F35F1300AFFAFC /* Build configuration list for PBXNativeTarget "CompositionalLayouts-MVP" */ = {
			isa = XCConfigurationList;
			buildConfigurations = (
				1DFF81C725F35F1300AFFAFC /* Debug */,
				1DFF81C825F35F1300AFFAFC /* Release */,
			);
			defaultConfigurationIsVisible = 0;
			defaultConfigurationName = Release;
		};
/* End XCConfigurationList section */
	};
	rootObject = 1DFF81AA25F35F1200AFFAFC /* Project object */;
}
